// !$*UTF8*$!
{
	archiveVersion = 1;
	classes = {
	};
	objectVersion = 50;
	objects = {

/* Begin PBXBuildFile section */
		217F5C86232025B900A2355D /* ShowMidwayCalc.swift in Sources */ = {isa = PBXBuildFile; fileRef = 217F5C85232025B900A2355D /* ShowMidwayCalc.swift */; };
		217F5C89232025DE00A2355D /* DecimalCalc.swift in Sources */ = {isa = PBXBuildFile; fileRef = 217F5C88232025DE00A2355D /* DecimalCalc.swift */; };
		217F5C8B232025ED00A2355D /* FractionCalc.swift in Sources */ = {isa = PBXBuildFile; fileRef = 217F5C8A232025ED00A2355D /* FractionCalc.swift */; };
		219E9F8A23201BEB003765F4 /* AppDelegate.swift in Sources */ = {isa = PBXBuildFile; fileRef = 219E9F8923201BEB003765F4 /* AppDelegate.swift */; };
		219E9F8C23201BEB003765F4 /* HomeVC.swift in Sources */ = {isa = PBXBuildFile; fileRef = 219E9F8B23201BEB003765F4 /* HomeVC.swift */; };
		219E9F8F23201BEB003765F4 /* Main.storyboard in Resources */ = {isa = PBXBuildFile; fileRef = 219E9F8D23201BEB003765F4 /* Main.storyboard */; };
		219E9F9123201BED003765F4 /* Assets.xcassets in Resources */ = {isa = PBXBuildFile; fileRef = 219E9F9023201BED003765F4 /* Assets.xcassets */; };
		219E9F9423201BED003765F4 /* LaunchScreen.storyboard in Resources */ = {isa = PBXBuildFile; fileRef = 219E9F9223201BED003765F4 /* LaunchScreen.storyboard */; };
/* End PBXBuildFile section */

/* Begin PBXFileReference section */
		217F5C842320252B00A2355D /* Futura.ttc */ = {isa = PBXFileReference; lastKnownFileType = file; path = Futura.ttc; sourceTree = "<group>"; };
		217F5C85232025B900A2355D /* ShowMidwayCalc.swift */ = {isa = PBXFileReference; lastKnownFileType = sourcecode.swift; path = ShowMidwayCalc.swift; sourceTree = "<group>"; };
		217F5C88232025DE00A2355D /* DecimalCalc.swift */ = {isa = PBXFileReference; lastKnownFileType = sourcecode.swift; path = DecimalCalc.swift; sourceTree = "<group>"; };
		217F5C8A232025ED00A2355D /* FractionCalc.swift */ = {isa = PBXFileReference; lastKnownFileType = sourcecode.swift; path = FractionCalc.swift; sourceTree = "<group>"; };
		219E9F8623201BEB003765F4 /* calculator.app */ = {isa = PBXFileReference; explicitFileType = wrapper.application; includeInIndex = 0; path = calculator.app; sourceTree = BUILT_PRODUCTS_DIR; };
		219E9F8923201BEB003765F4 /* AppDelegate.swift */ = {isa = PBXFileReference; lastKnownFileType = sourcecode.swift; path = AppDelegate.swift; sourceTree = "<group>"; };
		219E9F8B23201BEB003765F4 /* HomeVC.swift */ = {isa = PBXFileReference; lastKnownFileType = sourcecode.swift; path = HomeVC.swift; sourceTree = "<group>"; };
		219E9F8E23201BEB003765F4 /* Base */ = {isa = PBXFileReference; lastKnownFileType = file.storyboard; name = Base; path = Base.lproj/Main.storyboard; sourceTree = "<group>"; };
		219E9F9023201BED003765F4 /* Assets.xcassets */ = {isa = PBXFileReference; lastKnownFileType = folder.assetcatalog; path = Assets.xcassets; sourceTree = "<group>"; };
		219E9F9323201BED003765F4 /* Base */ = {isa = PBXFileReference; lastKnownFileType = file.storyboard; name = Base; path = Base.lproj/LaunchScreen.storyboard; sourceTree = "<group>"; };
		219E9F9523201BED003765F4 /* Info.plist */ = {isa = PBXFileReference; lastKnownFileType = text.plist.xml; path = Info.plist; sourceTree = "<group>"; };
/* End PBXFileReference section */

/* Begin PBXFrameworksBuildPhase section */
		219E9F8323201BEB003765F4 /* Frameworks */ = {
			isa = PBXFrameworksBuildPhase;
			buildActionMask = 2147483647;
			files = (
			);
			runOnlyForDeploymentPostprocessing = 0;
		};
/* End PBXFrameworksBuildPhase section */

/* Begin PBXGroup section */
		217F5C87232025BD00A2355D /* VCs */ = {
			isa = PBXGroup;
			children = (
				219E9F8B23201BEB003765F4 /* HomeVC.swift */,
				219E9F8D23201BEB003765F4 /* Main.storyboard */,
				217F5C85232025B900A2355D /* ShowMidwayCalc.swift */,
				217F5C88232025DE00A2355D /* DecimalCalc.swift */,
				217F5C8A232025ED00A2355D /* FractionCalc.swift */,
			);
			path = VCs;
			sourceTree = "<group>";
		};
		219E9F7D23201BEB003765F4 = {
			isa = PBXGroup;
			children = (
				219E9F8823201BEB003765F4 /* calculator */,
				219E9F8723201BEB003765F4 /* Products */,
			);
			sourceTree = "<group>";
		};
		219E9F8723201BEB003765F4 /* Products */ = {
			isa = PBXGroup;
			children = (
				219E9F8623201BEB003765F4 /* calculator.app */,
			);
			name = Products;
			sourceTree = "<group>";
		};
		219E9F8823201BEB003765F4 /* calculator */ = {
			isa = PBXGroup;
			children = (
				217F5C842320252B00A2355D /* Futura.ttc */,
				219E9F8923201BEB003765F4 /* AppDelegate.swift */,
				217F5C87232025BD00A2355D /* VCs */,
				219E9F9023201BED003765F4 /* Assets.xcassets */,
				219E9F9223201BED003765F4 /* LaunchScreen.storyboard */,
				219E9F9523201BED003765F4 /* Info.plist */,
			);
			path = calculator;
			sourceTree = "<group>";
		};
/* End PBXGroup section */

/* Begin PBXNativeTarget section */
		219E9F8523201BEB003765F4 /* calculator */ = {
			isa = PBXNativeTarget;
			buildConfigurationList = 219E9F9823201BED003765F4 /* Build configuration list for PBXNativeTarget "calculator" */;
			buildPhases = (
				219E9F8223201BEB003765F4 /* Sources */,
				219E9F8323201BEB003765F4 /* Frameworks */,
				219E9F8423201BEB003765F4 /* Resources */,
			);
			buildRules = (
			);
			dependencies = (
			);
			name = calculator;
			productName = calculator;
			productReference = 219E9F8623201BEB003765F4 /* calculator.app */;
			productType = "com.apple.product-type.application";
		};
/* End PBXNativeTarget section */

/* Begin PBXProject section */
		219E9F7E23201BEB003765F4 /* Project object */ = {
			isa = PBXProject;
			attributes = {
				LastSwiftUpdateCheck = 1020;
				LastUpgradeCheck = 1020;
				ORGANIZATIONNAME = MikiTakahashi;
				TargetAttributes = {
					219E9F8523201BEB003765F4 = {
						CreatedOnToolsVersion = 10.2;
					};
				};
			};
			buildConfigurationList = 219E9F8123201BEB003765F4 /* Build configuration list for PBXProject "calculator" */;
			compatibilityVersion = "Xcode 9.3";
			developmentRegion = en;
			hasScannedForEncodings = 0;
			knownRegions = (
				en,
				Base,
			);
			mainGroup = 219E9F7D23201BEB003765F4;
			productRefGroup = 219E9F8723201BEB003765F4 /* Products */;
			projectDirPath = "";
			projectRoot = "";
			targets = (
				219E9F8523201BEB003765F4 /* calculator */,
			);
		};
/* End PBXProject section */

/* Begin PBXResourcesBuildPhase section */
		219E9F8423201BEB003765F4 /* Resources */ = {
			isa = PBXResourcesBuildPhase;
			buildActionMask = 2147483647;
			files = (
				219E9F9423201BED003765F4 /* LaunchScreen.storyboard in Resources */,
				219E9F9123201BED003765F4 /* Assets.xcassets in Resources */,
				219E9F8F23201BEB003765F4 /* Main.storyboard in Resources */,
			);
			runOnlyForDeploymentPostprocessing = 0;
		};
/* End PBXResourcesBuildPhase section */

/* Begin PBXSourcesBuildPhase section */
		219E9F8223201BEB003765F4 /* Sources */ = {
			isa = PBXSourcesBuildPhase;
			buildActionMask = 2147483647;
			files = (
				219E9F8C23201BEB003765F4 /* HomeVC.swift in Sources */,
				217F5C86232025B900A2355D /* ShowMidwayCalc.swift in Sources */,
				217F5C8B232025ED00A2355D /* FractionCalc.swift in Sources */,
				217F5C89232025DE00A2355D /* DecimalCalc.swift in Sources */,
				219E9F8A23201BEB003765F4 /* AppDelegate.swift in Sources */,
			);
			runOnlyForDeploymentPostprocessing = 0;
		};
/* End PBXSourcesBuildPhase section */

/* Begin PBXVariantGroup section */
		219E9F8D23201BEB003765F4 /* Main.storyboard */ = {
			isa = PBXVariantGroup;
			children = (
				219E9F8E23201BEB003765F4 /* Base */,
			);
			name = Main.storyboard;
			sourceTree = "<group>";
		};
		219E9F9223201BED003765F4 /* LaunchScreen.storyboard */ = {
			isa = PBXVariantGroup;
			children = (
				219E9F9323201BED003765F4 /* Base */,
			);
			name = LaunchScreen.storyboard;
			sourceTree = "<group>";
		};
/* End PBXVariantGroup section */

/* Begin XCBuildConfiguration section */
		219E9F9623201BED003765F4 /* Debug */ = {
			isa = XCBuildConfiguration;
			buildSettings = {
				ALWAYS_SEARCH_USER_PATHS = NO;
				CLANG_ANALYZER_NONNULL = YES;
				CLANG_ANALYZER_NUMBER_OBJECT_CONVERSION = YES_AGGRESSIVE;
				CLANG_CXX_LANGUAGE_STANDARD = "gnu++14";
				CLANG_CXX_LIBRARY = "libc++";
				CLANG_ENABLE_MODULES = YES;
				CLANG_ENABLE_OBJC_ARC = YES;
				CLANG_ENABLE_OBJC_WEAK = YES;
				CLANG_WARN_BLOCK_CAPTURE_AUTORELEASING = YES;
				CLANG_WARN_BOOL_CONVERSION = YES;
				CLANG_WARN_COMMA = YES;
				CLANG_WARN_CONSTANT_CONVERSION = YES;
				CLANG_WARN_DEPRECATED_OBJC_IMPLEMENTATIONS = YES;
				CLANG_WARN_DIRECT_OBJC_ISA_USAGE = YES_ERROR;
				CLANG_WARN_DOCUMENTATION_COMMENTS = YES;
				CLANG_WARN_EMPTY_BODY = YES;
				CLANG_WARN_ENUM_CONVERSION = YES;
				CLANG_WARN_INFINITE_RECURSION = YES;
				CLANG_WARN_INT_CONVERSION = YES;
				CLANG_WARN_NON_LITERAL_NULL_CONVERSION = YES;
				CLANG_WARN_OBJC_IMPLICIT_RETAIN_SELF = YES;
				CLANG_WARN_OBJC_LITERAL_CONVERSION = YES;
				CLANG_WARN_OBJC_ROOT_CLASS = YES_ERROR;
				CLANG_WARN_RANGE_LOOP_ANALYSIS = YES;
				CLANG_WARN_STRICT_PROTOTYPES = YES;
				CLANG_WARN_SUSPICIOUS_MOVE = YES;
				CLANG_WARN_UNGUARDED_AVAILABILITY = YES_AGGRESSIVE;
				CLANG_WARN_UNREACHABLE_CODE = YES;
				CLANG_WARN__DUPLICATE_METHOD_MATCH = YES;
				CODE_SIGN_IDENTITY = "iPhone Developer";
				COPY_PHASE_STRIP = NO;
				DEBUG_INFORMATION_FORMAT = dwarf;
				ENABLE_STRICT_OBJC_MSGSEND = YES;
				ENABLE_TESTABILITY = YES;
				GCC_C_LANGUAGE_STANDARD = gnu11;
				GCC_DYNAMIC_NO_PIC = NO;
				GCC_NO_COMMON_BLOCKS = YES;
				GCC_OPTIMIZATION_LEVEL = 0;
				GCC_PREPROCESSOR_DEFINITIONS = (
					"DEBUG=1",
					"$(inherited)",
				);
				GCC_WARN_64_TO_32_BIT_CONVERSION = YES;
				GCC_WARN_ABOUT_RETURN_TYPE = YES_ERROR;
				GCC_WARN_UNDECLARED_SELECTOR = YES;
				GCC_WARN_UNINITIALIZED_AUTOS = YES_AGGRESSIVE;
				GCC_WARN_UNUSED_FUNCTION = YES;
				GCC_WARN_UNUSED_VARIABLE = YES;
				IPHONEOS_DEPLOYMENT_TARGET = 12.2;
				MTL_ENABLE_DEBUG_INFO = INCLUDE_SOURCE;
				MTL_FAST_MATH = YES;
				ONLY_ACTIVE_ARCH = YES;
				SDKROOT = iphoneos;
				SWIFT_ACTIVE_COMPILATION_CONDITIONS = DEBUG;
				SWIFT_OPTIMIZATION_LEVEL = "-Onone";
			};
			name = Debug;
		};
		219E9F9723201BED003765F4 /* Release */ = {
			isa = XCBuildConfiguration;
			buildSettings = {
				ALWAYS_SEARCH_USER_PATHS = NO;
				CLANG_ANALYZER_NONNULL = YES;
				CLANG_ANALYZER_NUMBER_OBJECT_CONVERSION = YES_AGGRESSIVE;
				CLANG_CXX_LANGUAGE_STANDARD = "gnu++14";
				CLANG_CXX_LIBRARY = "libc++";
				CLANG_ENABLE_MODULES = YES;
				CLANG_ENABLE_OBJC_ARC = YES;
				CLANG_ENABLE_OBJC_WEAK = YES;
				CLANG_WARN_BLOCK_CAPTURE_AUTORELEASING = YES;
				CLANG_WARN_BOOL_CONVERSION = YES;
				CLANG_WARN_COMMA = YES;
				CLANG_WARN_CONSTANT_CONVERSION = YES;
				CLANG_WARN_DEPRECATED_OBJC_IMPLEMENTATIONS = YES;
				CLANG_WARN_DIRECT_OBJC_ISA_USAGE = YES_ERROR;
				CLANG_WARN_DOCUMENTATION_COMMENTS = YES;
				CLANG_WARN_EMPTY_BODY = YES;
				CLANG_WARN_ENUM_CONVERSION = YES;
				CLANG_WARN_INFINITE_RECURSION = YES;
				CLANG_WARN_INT_CONVERSION = YES;
				CLANG_WARN_NON_LITERAL_NULL_CONVERSION = YES;
				CLANG_WARN_OBJC_IMPLICIT_RETAIN_SELF = YES;
				CLANG_WARN_OBJC_LITERAL_CONVERSION = YES;
				CLANG_WARN_OBJC_ROOT_CLASS = YES_ERROR;
				CLANG_WARN_RANGE_LOOP_ANALYSIS = YES;
				CLANG_WARN_STRICT_PROTOTYPES = YES;
				CLANG_WARN_SUSPICIOUS_MOVE = YES;
				CLANG_WARN_UNGUARDED_AVAILABILITY = YES_AGGRESSIVE;
				CLANG_WARN_UNREACHABLE_CODE = YES;
				CLANG_WARN__DUPLICATE_METHOD_MATCH = YES;
				CODE_SIGN_IDENTITY = "iPhone Developer";
				COPY_PHASE_STRIP = NO;
				DEBUG_INFORMATION_FORMAT = "dwarf-with-dsym";
				ENABLE_NS_ASSERTIONS = NO;
				ENABLE_STRICT_OBJC_MSGSEND = YES;
				GCC_C_LANGUAGE_STANDARD = gnu11;
				GCC_NO_COMMON_BLOCKS = YES;
				GCC_WARN_64_TO_32_BIT_CONVERSION = YES;
				GCC_WARN_ABOUT_RETURN_TYPE = YES_ERROR;
				GCC_WARN_UNDECLARED_SELECTOR = YES;
				GCC_WARN_UNINITIALIZED_AUTOS = YES_AGGRESSIVE;
				GCC_WARN_UNUSED_FUNCTION = YES;
				GCC_WARN_UNUSED_VARIABLE = YES;
				IPHONEOS_DEPLOYMENT_TARGET = 12.2;
				MTL_ENABLE_DEBUG_INFO = NO;
				MTL_FAST_MATH = YES;
				SDKROOT = iphoneos;
				SWIFT_COMPILATION_MODE = wholemodule;
				SWIFT_OPTIMIZATION_LEVEL = "-O";
				VALIDATE_PRODUCT = YES;
			};
			name = Release;
		};
		219E9F9923201BED003765F4 /* Debug */ = {
			isa = XCBuildConfiguration;
			buildSettings = {
				ASSETCATALOG_COMPILER_APPICON_NAME = AppIcon;
				CODE_SIGN_STYLE = Automatic;
				DEVELOPMENT_TEAM = HGFZ89E935;
				INFOPLIST_FILE = calculator/Info.plist;
				LD_RUNPATH_SEARCH_PATHS = (
					"$(inherited)",
					"@executable_path/Frameworks",
				);
				PRODUCT_BUNDLE_IDENTIFIER = "miki-takahashi.calculator";
				PRODUCT_NAME = "$(TARGET_NAME)";
				SWIFT_VERSION = 5.0;
				TARGETED_DEVICE_FAMILY = "1,2";
			};
			name = Debug;
		};
		219E9F9A23201BED003765F4 /* Release */ = {
			isa = XCBuildConfiguration;
			buildSettings = {
				ASSETCATALOG_COMPILER_APPICON_NAME = AppIcon;
				CODE_SIGN_STYLE = Automatic;
				DEVELOPMENT_TEAM = HGFZ89E935;
				INFOPLIST_FILE = calculator/Info.plist;
				LD_RUNPATH_SEARCH_PATHS = (
					"$(inherited)",
					"@executable_path/Frameworks",
				);
				PRODUCT_BUNDLE_IDENTIFIER = "miki-takahashi.calculator";
				PRODUCT_NAME = "$(TARGET_NAME)";
				SWIFT_VERSION = 5.0;
				TARGETED_DEVICE_FAMILY = "1,2";
			};
			name = Release;
		};
/* End XCBuildConfiguration section */

/* Begin XCConfigurationList section */
		219E9F8123201BEB003765F4 /* Build configuration list for PBXProject "calculator" */ = {
			isa = XCConfigurationList;
			buildConfigurations = (
				219E9F9623201BED003765F4 /* Debug */,
				219E9F9723201BED003765F4 /* Release */,
			);
			defaultConfigurationIsVisible = 0;
			defaultConfigurationName = Release;
		};
		219E9F9823201BED003765F4 /* Build configuration list for PBXNativeTarget "calculator" */ = {
			isa = XCConfigurationList;
			buildConfigurations = (
				219E9F9923201BED003765F4 /* Debug */,
				219E9F9A23201BED003765F4 /* Release */,
			);
			defaultConfigurationIsVisible = 0;
			defaultConfigurationName = Release;
		};
/* End XCConfigurationList section */
	};
	rootObject = 219E9F7E23201BEB003765F4 /* Project object */;
}
